{
  "name": "linkedin-job-application-assistant",
  "version": "1.5.6",
  "lockfileVersion": 3,
  "requires": true,
  "packages": {
    "": {
      "name": "linkedin-job-application-assistant",
      "version": "1.5.6",
      "license": "MIT",
      "bin": {
        "linkedin-job-assistant": "bin/linkedin-job-assistant.js"
      },
      "engines": {
        "node": ">=18"
      }
    }
  }
}
