{
  "name": "jobstreet-job-application-assistant",
  "version": "1.5.3",
  "lockfileVersion": 3,
  "requires": true,
  "packages": {
    "": {
      "name": "jobstreet-job-application-assistant",
      "version": "1.5.3",
      "license": "MIT",
      "bin": {
        "jobstreet-job-assistant": "bin/jobstreet-job-assistant.js"
      },
      "engines": {
        "node": ">=18"
      }
    }
  }
}
